
Microsoft Visual Studio Solution File, Format Version 12.00
# Visual Studio Version 17
VisualStudioVersion = 17.6.33829.357
MinimumVisualStudioVersion = 10.0.40219.1
Project("{FAE04EC0-301F-11D3-BF4B-00C04F79EFBC}") = "LocationAPI", "LocationAPI\LocationAPI.csproj", "{9F441F2B-14E9-4F14-B954-28F87216177F}"
EndProject
Global
	GlobalSection(SolutionConfigurationPlatforms) = preSolution
		Debug|Any CPU = Debug|Any CPU
		Release|Any CPU = Release|Any CPU
	EndGlobalSection
	GlobalSection(ProjectConfigurationPlatforms) = postSolution
		{9F441F2B-14E9-4F14-B954-28F87216177F}.Debug|Any CPU.ActiveCfg = Debug|Any CPU
		{9F441F2B-14E9-4F14-B954-28F87216177F}.Debug|Any CPU.Build.0 = Debug|Any CPU
		{9F441F2B-14E9-4F14-B954-28F87216177F}.Release|Any CPU.ActiveCfg = Release|Any CPU
		{9F441F2B-14E9-4F14-B954-28F87216177F}.Release|Any CPU.Build.0 = Release|Any CPU
	EndGlobalSection
	GlobalSection(SolutionProperties) = preSolution
		HideSolutionNode = FALSE
	EndGlobalSection
	GlobalSection(ExtensibilityGlobals) = postSolution
		SolutionGuid = {442384A8-842E-47E5-831C-FEC6F1AB5F37}
	EndGlobalSection
EndGlobal
